
Microsoft Visual Studio Solution File, Format Version 12.00
# Visual Studio 15
Project("{FAE04EC0-301F-11D3-BF4B-00C04F79EFBC}") = "UnityEngine.UI", "UnityEngine.UI.csproj", "{66B9355F-FE30-04CB-D4EA-D4F00D33C19D}"
EndProject
Project("{FAE04EC0-301F-11D3-BF4B-00C04F79EFBC}") = "Unity.RenderPipelines.Core.Runtime", "Unity.RenderPipelines.Core.Runtime.csproj", "{FDEBD127-E95D-5E8F-A129-98991DA3D5B9}"
EndProject
Project("{FAE04EC0-301F-11D3-BF4B-00C04F79EFBC}") = "UnityEngine.TestRunner", "UnityEngine.TestRunner.csproj", "{AA898D66-F991-F311-F948-1B9A9086237C}"
EndProject
Project("{FAE04EC0-301F-11D3-BF4B-00C04F79EFBC}") = "Unity.Mathematics", "Unity.Mathematics.csproj", "{0C53DECE-BDE5-808F-6BB4-8520DCEB6A3D}"
EndProject
Project("{FAE04EC0-301F-11D3-BF4B-00C04F79EFBC}") = "Unity.RenderPipelines.Universal.Runtime", "Unity.RenderPipelines.Universal.Runtime.csproj", "{0A9AAC69-A916-0FB2-A876-172BDAA2230D}"
EndProject
Project("{FAE04EC0-301F-11D3-BF4B-00C04F79EFBC}") = "Assembly-CSharp", "Assembly-CSharp.csproj", "{8D8EAA0C-DCD7-4365-D3E7-D57EC2A07E26}"
EndProject
Project("{FAE04EC0-301F-11D3-BF4B-00C04F79EFBC}") = "Unity.2D.Animation.Runtime", "Unity.2D.Animation.Runtime.csproj", "{280CE65F-F9CF-CC8B-528B-17008822205F}"
EndProject
Project("{FAE04EC0-301F-11D3-BF4B-00C04F79EFBC}") = "Unity.TextMeshPro", "Unity.TextMeshPro.csproj", "{A64DF43B-3618-09F0-0B08-049142B2DB1D}"
EndProject
Project("{FAE04EC0-301F-11D3-BF4B-00C04F79EFBC}") = "Unity.Timeline", "Unity.Timeline.csproj", "{4879C871-45F0-219D-675A-8986CB504F39}"
EndProject
Project("{FAE04EC0-301F-11D3-BF4B-00C04F79EFBC}") = "Unity.Postprocessing.Runtime", "Unity.Postprocessing.Runtime.csproj", "{E289020C-3065-02AF-8F0F-4E4A3043361E}"
EndProject
Project("{FAE04EC0-301F-11D3-BF4B-00C04F79EFBC}") = "Unity.2D.SpriteShape.Runtime", "Unity.2D.SpriteShape.Runtime.csproj", "{09CD4B03-DD0C-541D-FB28-D93BFB0A502A}"
EndProject
Project("{FAE04EC0-301F-11D3-BF4B-00C04F79EFBC}") = "Unity.2D.Animation.Triangle.Runtime", "Unity.2D.Animation.Triangle.Runtime.csproj", "{0DA4DEF3-FE45-8285-9D65-0D88DA406BE4}"
EndProject
Project("{FAE04EC0-301F-11D3-BF4B-00C04F79EFBC}") = "Unity.2D.PixelPerfect", "Unity.2D.PixelPerfect.csproj", "{13C94BAF-8E26-7265-F608-135B65A00DEA}"
EndProject
Project("{FAE04EC0-301F-11D3-BF4B-00C04F79EFBC}") = "Unity.2D.IK.Runtime", "Unity.2D.IK.Runtime.csproj", "{46F48B32-96A2-ED9E-D5A8-40D9434B2C60}"
EndProject
Project("{FAE04EC0-301F-11D3-BF4B-00C04F79EFBC}") = "Unity.2D.Common.Runtime", "Unity.2D.Common.Runtime.csproj", "{5351FAA6-322C-BE04-D702-8D7A9B03CA2B}"
EndProject
Project("{FAE04EC0-301F-11D3-BF4B-00C04F79EFBC}") = "Unity.RenderPipelines.Core.ShaderLibrary", "Unity.RenderPipelines.Core.ShaderLibrary.csproj", "{ED2978B3-C8A9-FEB1-E707-B2AA12C7324B}"
EndProject
Project("{FAE04EC0-301F-11D3-BF4B-00C04F79EFBC}") = "Unity.InternalAPIEngineBridge.001", "Unity.InternalAPIEngineBridge.001.csproj", "{197E7B30-4136-7F60-3FDE-8A680FBDD94D}"
EndProject
Project("{FAE04EC0-301F-11D3-BF4B-00C04F79EFBC}") = "Unity.RenderPipeline.Universal.ShaderLibrary", "Unity.RenderPipeline.Universal.ShaderLibrary.csproj", "{7E8D5D51-A4F2-8AC7-5953-88E3F5228512}"
EndProject
Project("{FAE04EC0-301F-11D3-BF4B-00C04F79EFBC}") = "Unity.RenderPipelines.Universal.Shaders", "Unity.RenderPipelines.Universal.Shaders.csproj", "{CAD6DDF7-D0D8-9D01-46B1-5AD3FF118736}"
EndProject
Project("{FAE04EC0-301F-11D3-BF4B-00C04F79EFBC}") = "Unity.RenderPipelines.ShaderGraph.ShaderGraphLibrary", "Unity.RenderPipelines.ShaderGraph.ShaderGraphLibrary.csproj", "{C4F4E1AE-379C-F9F1-85D2-7ADD62ADFD97}"
EndProject
Project("{FAE04EC0-301F-11D3-BF4B-00C04F79EFBC}") = "Unity.PlasticSCM.Editor", "Unity.PlasticSCM.Editor.csproj", "{FDCB5150-7DE3-3C6E-9888-7CEC7827294A}"
EndProject
Project("{FAE04EC0-301F-11D3-BF4B-00C04F79EFBC}") = "Unity.ShaderGraph.Editor", "Unity.ShaderGraph.Editor.csproj", "{64B7F4C5-EE8C-6A53-4EFA-BE09AD808236}"
EndProject
Project("{FAE04EC0-301F-11D3-BF4B-00C04F79EFBC}") = "Unity.VisualStudio.Editor", "Unity.VisualStudio.Editor.csproj", "{0EAB8D02-864A-F85D-E05F-37F57BD57BB4}"
EndProject
Project("{FAE04EC0-301F-11D3-BF4B-00C04F79EFBC}") = "Unity.Timeline.Editor", "Unity.Timeline.Editor.csproj", "{E22498CD-4A91-F5DA-209B-ACCE2DAB9577}"
EndProject
Project("{FAE04EC0-301F-11D3-BF4B-00C04F79EFBC}") = "Unity.TextMeshPro.Editor", "Unity.TextMeshPro.Editor.csproj", "{70E3510F-3F33-330B-283A-4DD4E3E7D3E0}"
EndProject
Project("{FAE04EC0-301F-11D3-BF4B-00C04F79EFBC}") = "Unity.2D.Animation.Editor", "Unity.2D.Animation.Editor.csproj", "{75B4C00D-0A9E-6464-3A2E-CE1619A0739F}"
EndProject
Project("{FAE04EC0-301F-11D3-BF4B-00C04F79EFBC}") = "Unity.CollabProxy.Editor", "Unity.CollabProxy.Editor.csproj", "{9D2D3489-7906-CE65-3A62-6FB619CC6419}"
EndProject
Project("{FAE04EC0-301F-11D3-BF4B-00C04F79EFBC}") = "Unity.Postprocessing.Editor", "Unity.Postprocessing.Editor.csproj", "{B8402F1C-FA9A-A0DA-DD27-06C84B6BC246}"
EndProject
Project("{FAE04EC0-301F-11D3-BF4B-00C04F79EFBC}") = "UnityEditor.TestRunner", "UnityEditor.TestRunner.csproj", "{FB8818F8-0862-D7CF-2F43-FBC5F0BCE9F6}"
EndProject
Project("{FAE04EC0-301F-11D3-BF4B-00C04F79EFBC}") = "Unity.Rider.Editor", "Unity.Rider.Editor.csproj", "{16C1F7CC-BC63-F970-2C36-43EB870F137B}"
EndProject
Project("{FAE04EC0-301F-11D3-BF4B-00C04F79EFBC}") = "Unity.2D.Path.Editor", "Unity.2D.Path.Editor.csproj", "{78EBA332-9E8E-3FFE-EF8B-91C8E96E3BA6}"
EndProject
Project("{FAE04EC0-301F-11D3-BF4B-00C04F79EFBC}") = "Unity.RenderPipelines.Universal.Editor", "Unity.RenderPipelines.Universal.Editor.csproj", "{9E341B8F-5633-D5F8-7BEC-F6E0F3D9C3C3}"
EndProject
Project("{FAE04EC0-301F-11D3-BF4B-00C04F79EFBC}") = "PsdPlugin", "PsdPlugin.csproj", "{9EF0FCC0-E7C2-4A5C-3024-BEA2BCD2A16A}"
EndProject
Project("{FAE04EC0-301F-11D3-BF4B-00C04F79EFBC}") = "Unity.RenderPipelines.Core.Editor", "Unity.RenderPipelines.Core.Editor.csproj", "{BFE7FD21-62BF-7779-09D0-1C5E2AF0D41C}"
EndProject
Project("{FAE04EC0-301F-11D3-BF4B-00C04F79EFBC}") = "Unity.2D.IK.Editor", "Unity.2D.IK.Editor.csproj", "{E689BC6A-CCA8-F273-8DC7-5E40D18D3CFE}"
EndProject
Project("{FAE04EC0-301F-11D3-BF4B-00C04F79EFBC}") = "Unity.Searcher.Editor", "Unity.Searcher.Editor.csproj", "{29B5D141-1F55-5502-C5F0-E5E306F2F26E}"
EndProject
Project("{FAE04EC0-301F-11D3-BF4B-00C04F79EFBC}") = "Unity.2D.Psdimporter.Editor", "Unity.2D.Psdimporter.Editor.csproj", "{2A36354B-71EA-045F-CA60-102CC3457C68}"
EndProject
Project("{FAE04EC0-301F-11D3-BF4B-00C04F79EFBC}") = "Unity.2D.SpriteShape.Editor", "Unity.2D.SpriteShape.Editor.csproj", "{85C44929-38FC-5945-942B-2B10A09D7C0D}"
EndProject
Project("{FAE04EC0-301F-11D3-BF4B-00C04F79EFBC}") = "Unity.2D.Tilemap.Editor", "Unity.2D.Tilemap.Editor.csproj", "{219C0AD7-00D1-F1CD-17DA-95DEE72E100B}"
EndProject
Project("{FAE04EC0-301F-11D3-BF4B-00C04F79EFBC}") = "Unity.2D.PixelPerfect.Editor", "Unity.2D.PixelPerfect.Editor.csproj", "{D0E68910-9769-0EAA-EB72-C325C4DBDA38}"
EndProject
Project("{FAE04EC0-301F-11D3-BF4B-00C04F79EFBC}") = "Unity.VSCode.Editor", "Unity.VSCode.Editor.csproj", "{8D4E269F-6CE2-BC6D-BA75-EF35FD4F8FDE}"
EndProject
Project("{FAE04EC0-301F-11D3-BF4B-00C04F79EFBC}") = "Unity.2D.Sprite.Editor", "Unity.2D.Sprite.Editor.csproj", "{AB415D3C-CED2-64F2-B626-7CBC462BB0E8}"
EndProject
Project("{FAE04EC0-301F-11D3-BF4B-00C04F79EFBC}") = "UnityEditor.UI", "UnityEditor.UI.csproj", "{B28033D9-77B4-9D0C-94C4-5F1BD3D153A2}"
EndProject
Project("{FAE04EC0-301F-11D3-BF4B-00C04F79EFBC}") = "Unity.Mathematics.Editor", "Unity.Mathematics.Editor.csproj", "{AB6DD59F-9DF6-B891-4B92-F58661407FEC}"
EndProject
Project("{FAE04EC0-301F-11D3-BF4B-00C04F79EFBC}") = "Unity.2D.Common.Editor", "Unity.2D.Common.Editor.csproj", "{0133C2B4-364F-438C-7AB8-2C54E80B48D6}"
EndProject
Project("{FAE04EC0-301F-11D3-BF4B-00C04F79EFBC}") = "Unity.InternalAPIEditorBridge.001", "Unity.InternalAPIEditorBridge.001.csproj", "{3CEDE084-F333-85E7-4E69-2B3D69D4CADB}"
EndProject
Project("{FAE04EC0-301F-11D3-BF4B-00C04F79EFBC}") = "Unity.ShaderGraph.Utilities", "Unity.ShaderGraph.Utilities.csproj", "{1D3FDBD6-B35A-C99B-8C98-C2F01AE6E06C}"
EndProject
Project("{FAE04EC0-301F-11D3-BF4B-00C04F79EFBC}") = "UnityEngine.UI", "UnityEngine.UI.Player.csproj", "{AB82E2E8-2171-9607-C26E-AAF4DD3FD8CA}"
EndProject
Project("{FAE04EC0-301F-11D3-BF4B-00C04F79EFBC}") = "Unity.RenderPipelines.Core.Runtime", "Unity.RenderPipelines.Core.Runtime.Player.csproj", "{5E3A9BD3-20C4-14A5-2578-83334B01EA53}"
EndProject
Project("{FAE04EC0-301F-11D3-BF4B-00C04F79EFBC}") = "UnityEngine.TestRunner", "UnityEngine.TestRunner.Player.csproj", "{4C091ED0-AC51-85EC-D021-58304452901B}"
EndProject
Project("{FAE04EC0-301F-11D3-BF4B-00C04F79EFBC}") = "Unity.Mathematics", "Unity.Mathematics.Player.csproj", "{53EABF7D-B079-264D-25CD-6613D583861F}"
EndProject
Project("{FAE04EC0-301F-11D3-BF4B-00C04F79EFBC}") = "Unity.RenderPipelines.Universal.Runtime", "Unity.RenderPipelines.Universal.Runtime.Player.csproj", "{4829839C-3531-B761-1808-B00D43708641}"
EndProject
Project("{FAE04EC0-301F-11D3-BF4B-00C04F79EFBC}") = "Assembly-CSharp", "Assembly-CSharp.Player.csproj", "{DDAF1ED6-AD7B-CE81-2F10-A5598D696072}"
EndProject
Project("{FAE04EC0-301F-11D3-BF4B-00C04F79EFBC}") = "Unity.2D.Animation.Runtime", "Unity.2D.Animation.Runtime.Player.csproj", "{BF231B04-1870-022A-6E9E-E8F36924DA40}"
EndProject
Project("{FAE04EC0-301F-11D3-BF4B-00C04F79EFBC}") = "Unity.TextMeshPro", "Unity.TextMeshPro.Player.csproj", "{7690D8B1-20EF-677E-12B8-5451F1C1DA52}"
EndProject
Project("{FAE04EC0-301F-11D3-BF4B-00C04F79EFBC}") = "Unity.Timeline", "Unity.Timeline.Player.csproj", "{75FCAE16-11EB-6452-55D6-F3FCC9324690}"
EndProject
Project("{FAE04EC0-301F-11D3-BF4B-00C04F79EFBC}") = "Unity.Postprocessing.Runtime", "Unity.Postprocessing.Runtime.Player.csproj", "{4567EBC5-34C5-90EC-8034-033B4AB39E67}"
EndProject
Project("{FAE04EC0-301F-11D3-BF4B-00C04F79EFBC}") = "Unity.2D.SpriteShape.Runtime", "Unity.2D.SpriteShape.Runtime.Player.csproj", "{E0835D0F-16C2-A719-9A0F-0F605F32CF89}"
EndProject
Project("{FAE04EC0-301F-11D3-BF4B-00C04F79EFBC}") = "Unity.2D.Animation.Triangle.Runtime", "Unity.2D.Animation.Triangle.Runtime.Player.csproj", "{E42E2152-91D5-835D-EEEB-4236D3A06F02}"
EndProject
Project("{FAE04EC0-301F-11D3-BF4B-00C04F79EFBC}") = "Unity.2D.PixelPerfect", "Unity.2D.PixelPerfect.Player.csproj", "{C2DBBECB-7B03-5A16-FDC9-8A8D56AF8AE6}"
EndProject
Project("{FAE04EC0-301F-11D3-BF4B-00C04F79EFBC}") = "Unity.2D.IK.Runtime", "Unity.2D.IK.Runtime.Player.csproj", "{952A6914-5F88-5746-0B38-0A5FF73DA008}"
EndProject
Project("{FAE04EC0-301F-11D3-BF4B-00C04F79EFBC}") = "Unity.2D.Common.Runtime", "Unity.2D.Common.Runtime.Player.csproj", "{AB1FD435-456B-39E3-E8E8-7E469B59C2E7}"
EndProject
Project("{FAE04EC0-301F-11D3-BF4B-00C04F79EFBC}") = "Unity.RenderPipelines.Core.ShaderLibrary", "Unity.RenderPipelines.Core.ShaderLibrary.Player.csproj", "{9D12BFA4-565D-33F1-1D2A-9FB34F75836F}"
EndProject
Project("{FAE04EC0-301F-11D3-BF4B-00C04F79EFBC}") = "Unity.InternalAPIEngineBridge.001", "Unity.InternalAPIEngineBridge.001.Player.csproj", "{169951DF-AB84-B4EC-84F1-3278639E3BA6}"
EndProject
Project("{FAE04EC0-301F-11D3-BF4B-00C04F79EFBC}") = "Unity.RenderPipeline.Universal.ShaderLibrary", "Unity.RenderPipeline.Universal.ShaderLibrary.Player.csproj", "{F2C4770C-5FE0-70ED-5D0E-A4AF1DBC795B}"
EndProject
Project("{FAE04EC0-301F-11D3-BF4B-00C04F79EFBC}") = "Unity.RenderPipelines.Universal.Shaders", "Unity.RenderPipelines.Universal.Shaders.Player.csproj", "{08F94B92-87EE-BC6A-6341-1B1BCD7E1A87}"
EndProject
Project("{FAE04EC0-301F-11D3-BF4B-00C04F79EFBC}") = "Unity.RenderPipelines.ShaderGraph.ShaderGraphLibrary", "Unity.RenderPipelines.ShaderGraph.ShaderGraphLibrary.Player.csproj", "{40C00A30-BA91-030F-4CE3-80AAFED15129}"
EndProject
Global
	GlobalSection(SolutionConfigurationPlatforms) = preSolution
		Debug|Any CPU = Debug|Any CPU
		Release|Any CPU = Release|Any CPU
	EndGlobalSection
	GlobalSection(ProjectConfigurationPlatforms) = postSolution
		{66B9355F-FE30-04CB-D4EA-D4F00D33C19D}.Debug|Any CPU.ActiveCfg = Debug|Any CPU
		{66B9355F-FE30-04CB-D4EA-D4F00D33C19D}.Debug|Any CPU.Build.0 = Debug|Any CPU
		{66B9355F-FE30-04CB-D4EA-D4F00D33C19D}.Release|Any CPU.ActiveCfg = Release|Any CPU
		{66B9355F-FE30-04CB-D4EA-D4F00D33C19D}.Release|Any CPU.Build.0 = Release|Any CPU
		{FDEBD127-E95D-5E8F-A129-98991DA3D5B9}.Debug|Any CPU.ActiveCfg = Debug|Any CPU
		{FDEBD127-E95D-5E8F-A129-98991DA3D5B9}.Debug|Any CPU.Build.0 = Debug|Any CPU
		{FDEBD127-E95D-5E8F-A129-98991DA3D5B9}.Release|Any CPU.ActiveCfg = Release|Any CPU
		{FDEBD127-E95D-5E8F-A129-98991DA3D5B9}.Release|Any CPU.Build.0 = Release|Any CPU
		{AA898D66-F991-F311-F948-1B9A9086237C}.Debug|Any CPU.ActiveCfg = Debug|Any CPU
		{AA898D66-F991-F311-F948-1B9A9086237C}.Debug|Any CPU.Build.0 = Debug|Any CPU
		{AA898D66-F991-F311-F948-1B9A9086237C}.Release|Any CPU.ActiveCfg = Release|Any CPU
		{AA898D66-F991-F311-F948-1B9A9086237C}.Release|Any CPU.Build.0 = Release|Any CPU
		{0C53DECE-BDE5-808F-6BB4-8520DCEB6A3D}.Debug|Any CPU.ActiveCfg = Debug|Any CPU
		{0C53DECE-BDE5-808F-6BB4-8520DCEB6A3D}.Debug|Any CPU.Build.0 = Debug|Any CPU
		{0C53DECE-BDE5-808F-6BB4-8520DCEB6A3D}.Release|Any CPU.ActiveCfg = Release|Any CPU
		{0C53DECE-BDE5-808F-6BB4-8520DCEB6A3D}.Release|Any CPU.Build.0 = Release|Any CPU
		{0A9AAC69-A916-0FB2-A876-172BDAA2230D}.Debug|Any CPU.ActiveCfg = Debug|Any CPU
		{0A9AAC69-A916-0FB2-A876-172BDAA2230D}.Debug|Any CPU.Build.0 = Debug|Any CPU
		{0A9AAC69-A916-0FB2-A876-172BDAA2230D}.Release|Any CPU.ActiveCfg = Release|Any CPU
		{0A9AAC69-A916-0FB2-A876-172BDAA2230D}.Release|Any CPU.Build.0 = Release|Any CPU
		{8D8EAA0C-DCD7-4365-D3E7-D57EC2A07E26}.Debug|Any CPU.ActiveCfg = Debug|Any CPU
		{8D8EAA0C-DCD7-4365-D3E7-D57EC2A07E26}.Debug|Any CPU.Build.0 = Debug|Any CPU
		{8D8EAA0C-DCD7-4365-D3E7-D57EC2A07E26}.Release|Any CPU.ActiveCfg = Release|Any CPU
		{8D8EAA0C-DCD7-4365-D3E7-D57EC2A07E26}.Release|Any CPU.Build.0 = Release|Any CPU
		{280CE65F-F9CF-CC8B-528B-17008822205F}.Debug|Any CPU.ActiveCfg = Debug|Any CPU
		{280CE65F-F9CF-CC8B-528B-17008822205F}.Debug|Any CPU.Build.0 = Debug|Any CPU
		{280CE65F-F9CF-CC8B-528B-17008822205F}.Release|Any CPU.ActiveCfg = Release|Any CPU
		{280CE65F-F9CF-CC8B-528B-17008822205F}.Release|Any CPU.Build.0 = Release|Any CPU
		{A64DF43B-3618-09F0-0B08-049142B2DB1D}.Debug|Any CPU.ActiveCfg = Debug|Any CPU
		{A64DF43B-3618-09F0-0B08-049142B2DB1D}.Debug|Any CPU.Build.0 = Debug|Any CPU
		{A64DF43B-3618-09F0-0B08-049142B2DB1D}.Release|Any CPU.ActiveCfg = Release|Any CPU
		{A64DF43B-3618-09F0-0B08-049142B2DB1D}.Release|Any CPU.Build.0 = Release|Any CPU
		{4879C871-45F0-219D-675A-8986CB504F39}.Debug|Any CPU.ActiveCfg = Debug|Any CPU
		{4879C871-45F0-219D-675A-8986CB504F39}.Debug|Any CPU.Build.0 = Debug|Any CPU
		{4879C871-45F0-219D-675A-8986CB504F39}.Release|Any CPU.ActiveCfg = Release|Any CPU
		{4879C871-45F0-219D-675A-8986CB504F39}.Release|Any CPU.Build.0 = Release|Any CPU
		{E289020C-3065-02AF-8F0F-4E4A3043361E}.Debug|Any CPU.ActiveCfg = Debug|Any CPU
		{E289020C-3065-02AF-8F0F-4E4A3043361E}.Debug|Any CPU.Build.0 = Debug|Any CPU
		{E289020C-3065-02AF-8F0F-4E4A3043361E}.Release|Any CPU.ActiveCfg = Release|Any CPU
		{E289020C-3065-02AF-8F0F-4E4A3043361E}.Release|Any CPU.Build.0 = Release|Any CPU
		{09CD4B03-DD0C-541D-FB28-D93BFB0A502A}.Debug|Any CPU.ActiveCfg = Debug|Any CPU
		{09CD4B03-DD0C-541D-FB28-D93BFB0A502A}.Debug|Any CPU.Build.0 = Debug|Any CPU
		{09CD4B03-DD0C-541D-FB28-D93BFB0A502A}.Release|Any CPU.ActiveCfg = Release|Any CPU
		{09CD4B03-DD0C-541D-FB28-D93BFB0A502A}.Release|Any CPU.Build.0 = Release|Any CPU
		{0DA4DEF3-FE45-8285-9D65-0D88DA406BE4}.Debug|Any CPU.ActiveCfg = Debug|Any CPU
		{0DA4DEF3-FE45-8285-9D65-0D88DA406BE4}.Debug|Any CPU.Build.0 = Debug|Any CPU
		{0DA4DEF3-FE45-8285-9D65-0D88DA406BE4}.Release|Any CPU.ActiveCfg = Release|Any CPU
		{0DA4DEF3-FE45-8285-9D65-0D88DA406BE4}.Release|Any CPU.Build.0 = Release|Any CPU
		{13C94BAF-8E26-7265-F608-135B65A00DEA}.Debug|Any CPU.ActiveCfg = Debug|Any CPU
		{13C94BAF-8E26-7265-F608-135B65A00DEA}.Debug|Any CPU.Build.0 = Debug|Any CPU
		{13C94BAF-8E26-7265-F608-135B65A00DEA}.Release|Any CPU.ActiveCfg = Release|Any CPU
		{13C94BAF-8E26-7265-F608-135B65A00DEA}.Release|Any CPU.Build.0 = Release|Any CPU
		{46F48B32-96A2-ED9E-D5A8-40D9434B2C60}.Debug|Any CPU.ActiveCfg = Debug|Any CPU
		{46F48B32-96A2-ED9E-D5A8-40D9434B2C60}.Debug|Any CPU.Build.0 = Debug|Any CPU
		{46F48B32-96A2-ED9E-D5A8-40D9434B2C60}.Release|Any CPU.ActiveCfg = Release|Any CPU
		{46F48B32-96A2-ED9E-D5A8-40D9434B2C60}.Release|Any CPU.Build.0 = Release|Any CPU
		{5351FAA6-322C-BE04-D702-8D7A9B03CA2B}.Debug|Any CPU.ActiveCfg = Debug|Any CPU
		{5351FAA6-322C-BE04-D702-8D7A9B03CA2B}.Debug|Any CPU.Build.0 = Debug|Any CPU
		{5351FAA6-322C-BE04-D702-8D7A9B03CA2B}.Release|Any CPU.ActiveCfg = Release|Any CPU
		{5351FAA6-322C-BE04-D702-8D7A9B03CA2B}.Release|Any CPU.Build.0 = Release|Any CPU
		{ED2978B3-C8A9-FEB1-E707-B2AA12C7324B}.Debug|Any CPU.ActiveCfg = Debug|Any CPU
		{ED2978B3-C8A9-FEB1-E707-B2AA12C7324B}.Debug|Any CPU.Build.0 = Debug|Any CPU
		{ED2978B3-C8A9-FEB1-E707-B2AA12C7324B}.Release|Any CPU.ActiveCfg = Release|Any CPU
		{ED2978B3-C8A9-FEB1-E707-B2AA12C7324B}.Release|Any CPU.Build.0 = Release|Any CPU
		{197E7B30-4136-7F60-3FDE-8A680FBDD94D}.Debug|Any CPU.ActiveCfg = Debug|Any CPU
		{197E7B30-4136-7F60-3FDE-8A680FBDD94D}.Debug|Any CPU.Build.0 = Debug|Any CPU
		{197E7B30-4136-7F60-3FDE-8A680FBDD94D}.Release|Any CPU.ActiveCfg = Release|Any CPU
		{197E7B30-4136-7F60-3FDE-8A680FBDD94D}.Release|Any CPU.Build.0 = Release|Any CPU
		{7E8D5D51-A4F2-8AC7-5953-88E3F5228512}.Debug|Any CPU.ActiveCfg = Debug|Any CPU
		{7E8D5D51-A4F2-8AC7-5953-88E3F5228512}.Debug|Any CPU.Build.0 = Debug|Any CPU
		{7E8D5D51-A4F2-8AC7-5953-88E3F5228512}.Release|Any CPU.ActiveCfg = Release|Any CPU
		{7E8D5D51-A4F2-8AC7-5953-88E3F5228512}.Release|Any CPU.Build.0 = Release|Any CPU
		{CAD6DDF7-D0D8-9D01-46B1-5AD3FF118736}.Debug|Any CPU.ActiveCfg = Debug|Any CPU
		{CAD6DDF7-D0D8-9D01-46B1-5AD3FF118736}.Debug|Any CPU.Build.0 = Debug|Any CPU
		{CAD6DDF7-D0D8-9D01-46B1-5AD3FF118736}.Release|Any CPU.ActiveCfg = Release|Any CPU
		{CAD6DDF7-D0D8-9D01-46B1-5AD3FF118736}.Release|Any CPU.Build.0 = Release|Any CPU
		{C4F4E1AE-379C-F9F1-85D2-7ADD62ADFD97}.Debug|Any CPU.ActiveCfg = Debug|Any CPU
		{C4F4E1AE-379C-F9F1-85D2-7ADD62ADFD97}.Debug|Any CPU.Build.0 = Debug|Any CPU
		{C4F4E1AE-379C-F9F1-85D2-7ADD62ADFD97}.Release|Any CPU.ActiveCfg = Release|Any CPU
		{C4F4E1AE-379C-F9F1-85D2-7ADD62ADFD97}.Release|Any CPU.Build.0 = Release|Any CPU
		{FDCB5150-7DE3-3C6E-9888-7CEC7827294A}.Debug|Any CPU.ActiveCfg = Debug|Any CPU
		{FDCB5150-7DE3-3C6E-9888-7CEC7827294A}.Debug|Any CPU.Build.0 = Debug|Any CPU
		{FDCB5150-7DE3-3C6E-9888-7CEC7827294A}.Release|Any CPU.ActiveCfg = Release|Any CPU
		{FDCB5150-7DE3-3C6E-9888-7CEC7827294A}.Release|Any CPU.Build.0 = Release|Any CPU
		{64B7F4C5-EE8C-6A53-4EFA-BE09AD808236}.Debug|Any CPU.ActiveCfg = Debug|Any CPU
		{64B7F4C5-EE8C-6A53-4EFA-BE09AD808236}.Debug|Any CPU.Build.0 = Debug|Any CPU
		{64B7F4C5-EE8C-6A53-4EFA-BE09AD808236}.Release|Any CPU.ActiveCfg = Release|Any CPU
		{64B7F4C5-EE8C-6A53-4EFA-BE09AD808236}.Release|Any CPU.Build.0 = Release|Any CPU
		{0EAB8D02-864A-F85D-E05F-37F57BD57BB4}.Debug|Any CPU.ActiveCfg = Debug|Any CPU
		{0EAB8D02-864A-F85D-E05F-37F57BD57BB4}.Debug|Any CPU.Build.0 = Debug|Any CPU
		{0EAB8D02-864A-F85D-E05F-37F57BD57BB4}.Release|Any CPU.ActiveCfg = Release|Any CPU
		{0EAB8D02-864A-F85D-E05F-37F57BD57BB4}.Release|Any CPU.Build.0 = Release|Any CPU
		{E22498CD-4A91-F5DA-209B-ACCE2DAB9577}.Debug|Any CPU.ActiveCfg = Debug|Any CPU
		{E22498CD-4A91-F5DA-209B-ACCE2DAB9577}.Debug|Any CPU.Build.0 = Debug|Any CPU
		{E22498CD-4A91-F5DA-209B-ACCE2DAB9577}.Release|Any CPU.ActiveCfg = Release|Any CPU
		{E22498CD-4A91-F5DA-209B-ACCE2DAB9577}.Release|Any CPU.Build.0 = Release|Any CPU
		{70E3510F-3F33-330B-283A-4DD4E3E7D3E0}.Debug|Any CPU.ActiveCfg = Debug|Any CPU
		{70E3510F-3F33-330B-283A-4DD4E3E7D3E0}.Debug|Any CPU.Build.0 = Debug|Any CPU
		{70E3510F-3F33-330B-283A-4DD4E3E7D3E0}.Release|Any CPU.ActiveCfg = Release|Any CPU
		{70E3510F-3F33-330B-283A-4DD4E3E7D3E0}.Release|Any CPU.Build.0 = Release|Any CPU
		{75B4C00D-0A9E-6464-3A2E-CE1619A0739F}.Debug|Any CPU.ActiveCfg = Debug|Any CPU
		{75B4C00D-0A9E-6464-3A2E-CE1619A0739F}.Debug|Any CPU.Build.0 = Debug|Any CPU
		{75B4C00D-0A9E-6464-3A2E-CE1619A0739F}.Release|Any CPU.ActiveCfg = Release|Any CPU
		{75B4C00D-0A9E-6464-3A2E-CE1619A0739F}.Release|Any CPU.Build.0 = Release|Any CPU
		{9D2D3489-7906-CE65-3A62-6FB619CC6419}.Debug|Any CPU.ActiveCfg = Debug|Any CPU
		{9D2D3489-7906-CE65-3A62-6FB619CC6419}.Debug|Any CPU.Build.0 = Debug|Any CPU
		{9D2D3489-7906-CE65-3A62-6FB619CC6419}.Release|Any CPU.ActiveCfg = Release|Any CPU
		{9D2D3489-7906-CE65-3A62-6FB619CC6419}.Release|Any CPU.Build.0 = Release|Any CPU
		{B8402F1C-FA9A-A0DA-DD27-06C84B6BC246}.Debug|Any CPU.ActiveCfg = Debug|Any CPU
		{B8402F1C-FA9A-A0DA-DD27-06C84B6BC246}.Debug|Any CPU.Build.0 = Debug|Any CPU
		{B8402F1C-FA9A-A0DA-DD27-06C84B6BC246}.Release|Any CPU.ActiveCfg = Release|Any CPU
		{B8402F1C-FA9A-A0DA-DD27-06C84B6BC246}.Release|Any CPU.Build.0 = Release|Any CPU
		{FB8818F8-0862-D7CF-2F43-FBC5F0BCE9F6}.Debug|Any CPU.ActiveCfg = Debug|Any CPU
		{FB8818F8-0862-D7CF-2F43-FBC5F0BCE9F6}.Debug|Any CPU.Build.0 = Debug|Any CPU
		{FB8818F8-0862-D7CF-2F43-FBC5F0BCE9F6}.Release|Any CPU.ActiveCfg = Release|Any CPU
		{FB8818F8-0862-D7CF-2F43-FBC5F0BCE9F6}.Release|Any CPU.Build.0 = Release|Any CPU
		{16C1F7CC-BC63-F970-2C36-43EB870F137B}.Debug|Any CPU.ActiveCfg = Debug|Any CPU
		{16C1F7CC-BC63-F970-2C36-43EB870F137B}.Debug|Any CPU.Build.0 = Debug|Any CPU
		{16C1F7CC-BC63-F970-2C36-43EB870F137B}.Release|Any CPU.ActiveCfg = Release|Any CPU
		{16C1F7CC-BC63-F970-2C36-43EB870F137B}.Release|Any CPU.Build.0 = Release|Any CPU
		{78EBA332-9E8E-3FFE-EF8B-91C8E96E3BA6}.Debug|Any CPU.ActiveCfg = Debug|Any CPU
		{78EBA332-9E8E-3FFE-EF8B-91C8E96E3BA6}.Debug|Any CPU.Build.0 = Debug|Any CPU
		{78EBA332-9E8E-3FFE-EF8B-91C8E96E3BA6}.Release|Any CPU.ActiveCfg = Release|Any CPU
		{78EBA332-9E8E-3FFE-EF8B-91C8E96E3BA6}.Release|Any CPU.Build.0 = Release|Any CPU
		{9E341B8F-5633-D5F8-7BEC-F6E0F3D9C3C3}.Debug|Any CPU.ActiveCfg = Debug|Any CPU
		{9E341B8F-5633-D5F8-7BEC-F6E0F3D9C3C3}.Debug|Any CPU.Build.0 = Debug|Any CPU
		{9E341B8F-5633-D5F8-7BEC-F6E0F3D9C3C3}.Release|Any CPU.ActiveCfg = Release|Any CPU
		{9E341B8F-5633-D5F8-7BEC-F6E0F3D9C3C3}.Release|Any CPU.Build.0 = Release|Any CPU
		{9EF0FCC0-E7C2-4A5C-3024-BEA2BCD2A16A}.Debug|Any CPU.ActiveCfg = Debug|Any CPU
		{9EF0FCC0-E7C2-4A5C-3024-BEA2BCD2A16A}.Debug|Any CPU.Build.0 = Debug|Any CPU
		{9EF0FCC0-E7C2-4A5C-3024-BEA2BCD2A16A}.Release|Any CPU.ActiveCfg = Release|Any CPU
		{9EF0FCC0-E7C2-4A5C-3024-BEA2BCD2A16A}.Release|Any CPU.Build.0 = Release|Any CPU
		{BFE7FD21-62BF-7779-09D0-1C5E2AF0D41C}.Debug|Any CPU.ActiveCfg = Debug|Any CPU
		{BFE7FD21-62BF-7779-09D0-1C5E2AF0D41C}.Debug|Any CPU.Build.0 = Debug|Any CPU
		{BFE7FD21-62BF-7779-09D0-1C5E2AF0D41C}.Release|Any CPU.ActiveCfg = Release|Any CPU
		{BFE7FD21-62BF-7779-09D0-1C5E2AF0D41C}.Release|Any CPU.Build.0 = Release|Any CPU
		{E689BC6A-CCA8-F273-8DC7-5E40D18D3CFE}.Debug|Any CPU.ActiveCfg = Debug|Any CPU
		{E689BC6A-CCA8-F273-8DC7-5E40D18D3CFE}.Debug|Any CPU.Build.0 = Debug|Any CPU
		{E689BC6A-CCA8-F273-8DC7-5E40D18D3CFE}.Release|Any CPU.ActiveCfg = Release|Any CPU
		{E689BC6A-CCA8-F273-8DC7-5E40D18D3CFE}.Release|Any CPU.Build.0 = Release|Any CPU
		{29B5D141-1F55-5502-C5F0-E5E306F2F26E}.Debug|Any CPU.ActiveCfg = Debug|Any CPU
		{29B5D141-1F55-5502-C5F0-E5E306F2F26E}.Debug|Any CPU.Build.0 = Debug|Any CPU
		{29B5D141-1F55-5502-C5F0-E5E306F2F26E}.Release|Any CPU.ActiveCfg = Release|Any CPU
		{29B5D141-1F55-5502-C5F0-E5E306F2F26E}.Release|Any CPU.Build.0 = Release|Any CPU
		{2A36354B-71EA-045F-CA60-102CC3457C68}.Debug|Any CPU.ActiveCfg = Debug|Any CPU
		{2A36354B-71EA-045F-CA60-102CC3457C68}.Debug|Any CPU.Build.0 = Debug|Any CPU
		{2A36354B-71EA-045F-CA60-102CC3457C68}.Release|Any CPU.ActiveCfg = Release|Any CPU
		{2A36354B-71EA-045F-CA60-102CC3457C68}.Release|Any CPU.Build.0 = Release|Any CPU
		{85C44929-38FC-5945-942B-2B10A09D7C0D}.Debug|Any CPU.ActiveCfg = Debug|Any CPU
		{85C44929-38FC-5945-942B-2B10A09D7C0D}.Debug|Any CPU.Build.0 = Debug|Any CPU
		{85C44929-38FC-5945-942B-2B10A09D7C0D}.Release|Any CPU.ActiveCfg = Release|Any CPU
		{85C44929-38FC-5945-942B-2B10A09D7C0D}.Release|Any CPU.Build.0 = Release|Any CPU
		{219C0AD7-00D1-F1CD-17DA-95DEE72E100B}.Debug|Any CPU.ActiveCfg = Debug|Any CPU
		{219C0AD7-00D1-F1CD-17DA-95DEE72E100B}.Debug|Any CPU.Build.0 = Debug|Any CPU
		{219C0AD7-00D1-F1CD-17DA-95DEE72E100B}.Release|Any CPU.ActiveCfg = Release|Any CPU
		{219C0AD7-00D1-F1CD-17DA-95DEE72E100B}.Release|Any CPU.Build.0 = Release|Any CPU
		{D0E68910-9769-0EAA-EB72-C325C4DBDA38}.Debug|Any CPU.ActiveCfg = Debug|Any CPU
		{D0E68910-9769-0EAA-EB72-C325C4DBDA38}.Debug|Any CPU.Build.0 = Debug|Any CPU
		{D0E68910-9769-0EAA-EB72-C325C4DBDA38}.Release|Any CPU.ActiveCfg = Release|Any CPU
		{D0E68910-9769-0EAA-EB72-C325C4DBDA38}.Release|Any CPU.Build.0 = Release|Any CPU
		{8D4E269F-6CE2-BC6D-BA75-EF35FD4F8FDE}.Debug|Any CPU.ActiveCfg = Debug|Any CPU
		{8D4E269F-6CE2-BC6D-BA75-EF35FD4F8FDE}.Debug|Any CPU.Build.0 = Debug|Any CPU
		{8D4E269F-6CE2-BC6D-BA75-EF35FD4F8FDE}.Release|Any CPU.ActiveCfg = Release|Any CPU
		{8D4E269F-6CE2-BC6D-BA75-EF35FD4F8FDE}.Release|Any CPU.Build.0 = Release|Any CPU
		{AB415D3C-CED2-64F2-B626-7CBC462BB0E8}.Debug|Any CPU.ActiveCfg = Debug|Any CPU
		{AB415D3C-CED2-64F2-B626-7CBC462BB0E8}.Debug|Any CPU.Build.0 = Debug|Any CPU
		{AB415D3C-CED2-64F2-B626-7CBC462BB0E8}.Release|Any CPU.ActiveCfg = Release|Any CPU
		{AB415D3C-CED2-64F2-B626-7CBC462BB0E8}.Release|Any CPU.Build.0 = Release|Any CPU
		{B28033D9-77B4-9D0C-94C4-5F1BD3D153A2}.Debug|Any CPU.ActiveCfg = Debug|Any CPU
		{B28033D9-77B4-9D0C-94C4-5F1BD3D153A2}.Debug|Any CPU.Build.0 = Debug|Any CPU
		{B28033D9-77B4-9D0C-94C4-5F1BD3D153A2}.Release|Any CPU.ActiveCfg = Release|Any CPU
		{B28033D9-77B4-9D0C-94C4-5F1BD3D153A2}.Release|Any CPU.Build.0 = Release|Any CPU
		{AB6DD59F-9DF6-B891-4B92-F58661407FEC}.Debug|Any CPU.ActiveCfg = Debug|Any CPU
		{AB6DD59F-9DF6-B891-4B92-F58661407FEC}.Debug|Any CPU.Build.0 = Debug|Any CPU
		{AB6DD59F-9DF6-B891-4B92-F58661407FEC}.Release|Any CPU.ActiveCfg = Release|Any CPU
		{AB6DD59F-9DF6-B891-4B92-F58661407FEC}.Release|Any CPU.Build.0 = Release|Any CPU
		{0133C2B4-364F-438C-7AB8-2C54E80B48D6}.Debug|Any CPU.ActiveCfg = Debug|Any CPU
		{0133C2B4-364F-438C-7AB8-2C54E80B48D6}.Debug|Any CPU.Build.0 = Debug|Any CPU
		{0133C2B4-364F-438C-7AB8-2C54E80B48D6}.Release|Any CPU.ActiveCfg = Release|Any CPU
		{0133C2B4-364F-438C-7AB8-2C54E80B48D6}.Release|Any CPU.Build.0 = Release|Any CPU
		{3CEDE084-F333-85E7-4E69-2B3D69D4CADB}.Debug|Any CPU.ActiveCfg = Debug|Any CPU
		{3CEDE084-F333-85E7-4E69-2B3D69D4CADB}.Debug|Any CPU.Build.0 = Debug|Any CPU
		{3CEDE084-F333-85E7-4E69-2B3D69D4CADB}.Release|Any CPU.ActiveCfg = Release|Any CPU
		{3CEDE084-F333-85E7-4E69-2B3D69D4CADB}.Release|Any CPU.Build.0 = Release|Any CPU
		{1D3FDBD6-B35A-C99B-8C98-C2F01AE6E06C}.Debug|Any CPU.ActiveCfg = Debug|Any CPU
		{1D3FDBD6-B35A-C99B-8C98-C2F01AE6E06C}.Debug|Any CPU.Build.0 = Debug|Any CPU
		{1D3FDBD6-B35A-C99B-8C98-C2F01AE6E06C}.Release|Any CPU.ActiveCfg = Release|Any CPU
		{1D3FDBD6-B35A-C99B-8C98-C2F01AE6E06C}.Release|Any CPU.Build.0 = Release|Any CPU
		{AB82E2E8-2171-9607-C26E-AAF4DD3FD8CA}.Debug|Any CPU.ActiveCfg = Debug|Any CPU
		{AB82E2E8-2171-9607-C26E-AAF4DD3FD8CA}.Debug|Any CPU.Build.0 = Debug|Any CPU
		{AB82E2E8-2171-9607-C26E-AAF4DD3FD8CA}.Release|Any CPU.ActiveCfg = Release|Any CPU
		{AB82E2E8-2171-9607-C26E-AAF4DD3FD8CA}.Release|Any CPU.Build.0 = Release|Any CPU
		{5E3A9BD3-20C4-14A5-2578-83334B01EA53}.Debug|Any CPU.ActiveCfg = Debug|Any CPU
		{5E3A9BD3-20C4-14A5-2578-83334B01EA53}.Debug|Any CPU.Build.0 = Debug|Any CPU
		{5E3A9BD3-20C4-14A5-2578-83334B01EA53}.Release|Any CPU.ActiveCfg = Release|Any CPU
		{5E3A9BD3-20C4-14A5-2578-83334B01EA53}.Release|Any CPU.Build.0 = Release|Any CPU
		{4C091ED0-AC51-85EC-D021-58304452901B}.Debug|Any CPU.ActiveCfg = Debug|Any CPU
		{4C091ED0-AC51-85EC-D021-58304452901B}.Debug|Any CPU.Build.0 = Debug|Any CPU
		{4C091ED0-AC51-85EC-D021-58304452901B}.Release|Any CPU.ActiveCfg = Release|Any CPU
		{4C091ED0-AC51-85EC-D021-58304452901B}.Release|Any CPU.Build.0 = Release|Any CPU
		{53EABF7D-B079-264D-25CD-6613D583861F}.Debug|Any CPU.ActiveCfg = Debug|Any CPU
		{53EABF7D-B079-264D-25CD-6613D583861F}.Debug|Any CPU.Build.0 = Debug|Any CPU
		{53EABF7D-B079-264D-25CD-6613D583861F}.Release|Any CPU.ActiveCfg = Release|Any CPU
		{53EABF7D-B079-264D-25CD-6613D583861F}.Release|Any CPU.Build.0 = Release|Any CPU
		{4829839C-3531-B761-1808-B00D43708641}.Debug|Any CPU.ActiveCfg = Debug|Any CPU
		{4829839C-3531-B761-1808-B00D43708641}.Debug|Any CPU.Build.0 = Debug|Any CPU
		{4829839C-3531-B761-1808-B00D43708641}.Release|Any CPU.ActiveCfg = Release|Any CPU
		{4829839C-3531-B761-1808-B00D43708641}.Release|Any CPU.Build.0 = Release|Any CPU
		{DDAF1ED6-AD7B-CE81-2F10-A5598D696072}.Debug|Any CPU.ActiveCfg = Debug|Any CPU
		{DDAF1ED6-AD7B-CE81-2F10-A5598D696072}.Debug|Any CPU.Build.0 = Debug|Any CPU
		{DDAF1ED6-AD7B-CE81-2F10-A5598D696072}.Release|Any CPU.ActiveCfg = Release|Any CPU
		{DDAF1ED6-AD7B-CE81-2F10-A5598D696072}.Release|Any CPU.Build.0 = Release|Any CPU
		{BF231B04-1870-022A-6E9E-E8F36924DA40}.Debug|Any CPU.ActiveCfg = Debug|Any CPU
		{BF231B04-1870-022A-6E9E-E8F36924DA40}.Debug|Any CPU.Build.0 = Debug|Any CPU
		{BF231B04-1870-022A-6E9E-E8F36924DA40}.Release|Any CPU.ActiveCfg = Release|Any CPU
		{BF231B04-1870-022A-6E9E-E8F36924DA40}.Release|Any CPU.Build.0 = Release|Any CPU
		{7690D8B1-20EF-677E-12B8-5451F1C1DA52}.Debug|Any CPU.ActiveCfg = Debug|Any CPU
		{7690D8B1-20EF-677E-12B8-5451F1C1DA52}.Debug|Any CPU.Build.0 = Debug|Any CPU
		{7690D8B1-20EF-677E-12B8-5451F1C1DA52}.Release|Any CPU.ActiveCfg = Release|Any CPU
		{7690D8B1-20EF-677E-12B8-5451F1C1DA52}.Release|Any CPU.Build.0 = Release|Any CPU
		{75FCAE16-11EB-6452-55D6-F3FCC9324690}.Debug|Any CPU.ActiveCfg = Debug|Any CPU
		{75FCAE16-11EB-6452-55D6-F3FCC9324690}.Debug|Any CPU.Build.0 = Debug|Any CPU
		{75FCAE16-11EB-6452-55D6-F3FCC9324690}.Release|Any CPU.ActiveCfg = Release|Any CPU
		{75FCAE16-11EB-6452-55D6-F3FCC9324690}.Release|Any CPU.Build.0 = Release|Any CPU
		{4567EBC5-34C5-90EC-8034-033B4AB39E67}.Debug|Any CPU.ActiveCfg = Debug|Any CPU
		{4567EBC5-34C5-90EC-8034-033B4AB39E67}.Debug|Any CPU.Build.0 = Debug|Any CPU
		{4567EBC5-34C5-90EC-8034-033B4AB39E67}.Release|Any CPU.ActiveCfg = Release|Any CPU
		{4567EBC5-34C5-90EC-8034-033B4AB39E67}.Release|Any CPU.Build.0 = Release|Any CPU
		{E0835D0F-16C2-A719-9A0F-0F605F32CF89}.Debug|Any CPU.ActiveCfg = Debug|Any CPU
		{E0835D0F-16C2-A719-9A0F-0F605F32CF89}.Debug|Any CPU.Build.0 = Debug|Any CPU
		{E0835D0F-16C2-A719-9A0F-0F605F32CF89}.Release|Any CPU.ActiveCfg = Release|Any CPU
		{E0835D0F-16C2-A719-9A0F-0F605F32CF89}.Release|Any CPU.Build.0 = Release|Any CPU
		{E42E2152-91D5-835D-EEEB-4236D3A06F02}.Debug|Any CPU.ActiveCfg = Debug|Any CPU
		{E42E2152-91D5-835D-EEEB-4236D3A06F02}.Debug|Any CPU.Build.0 = Debug|Any CPU
		{E42E2152-91D5-835D-EEEB-4236D3A06F02}.Release|Any CPU.ActiveCfg = Release|Any CPU
		{E42E2152-91D5-835D-EEEB-4236D3A06F02}.Release|Any CPU.Build.0 = Release|Any CPU
		{C2DBBECB-7B03-5A16-FDC9-8A8D56AF8AE6}.Debug|Any CPU.ActiveCfg = Debug|Any CPU
		{C2DBBECB-7B03-5A16-FDC9-8A8D56AF8AE6}.Debug|Any CPU.Build.0 = Debug|Any CPU
		{C2DBBECB-7B03-5A16-FDC9-8A8D56AF8AE6}.Release|Any CPU.ActiveCfg = Release|Any CPU
		{C2DBBECB-7B03-5A16-FDC9-8A8D56AF8AE6}.Release|Any CPU.Build.0 = Release|Any CPU
		{952A6914-5F88-5746-0B38-0A5FF73DA008}.Debug|Any CPU.ActiveCfg = Debug|Any CPU
		{952A6914-5F88-5746-0B38-0A5FF73DA008}.Debug|Any CPU.Build.0 = Debug|Any CPU
		{952A6914-5F88-5746-0B38-0A5FF73DA008}.Release|Any CPU.ActiveCfg = Release|Any CPU
		{952A6914-5F88-5746-0B38-0A5FF73DA008}.Release|Any CPU.Build.0 = Release|Any CPU
		{AB1FD435-456B-39E3-E8E8-7E469B59C2E7}.Debug|Any CPU.ActiveCfg = Debug|Any CPU
		{AB1FD435-456B-39E3-E8E8-7E469B59C2E7}.Debug|Any CPU.Build.0 = Debug|Any CPU
		{AB1FD435-456B-39E3-E8E8-7E469B59C2E7}.Release|Any CPU.ActiveCfg = Release|Any CPU
		{AB1FD435-456B-39E3-E8E8-7E469B59C2E7}.Release|Any CPU.Build.0 = Release|Any CPU
		{9D12BFA4-565D-33F1-1D2A-9FB34F75836F}.Debug|Any CPU.ActiveCfg = Debug|Any CPU
		{9D12BFA4-565D-33F1-1D2A-9FB34F75836F}.Debug|Any CPU.Build.0 = Debug|Any CPU
		{9D12BFA4-565D-33F1-1D2A-9FB34F75836F}.Release|Any CPU.ActiveCfg = Release|Any CPU
		{9D12BFA4-565D-33F1-1D2A-9FB34F75836F}.Release|Any CPU.Build.0 = Release|Any CPU
		{169951DF-AB84-B4EC-84F1-3278639E3BA6}.Debug|Any CPU.ActiveCfg = Debug|Any CPU
		{169951DF-AB84-B4EC-84F1-3278639E3BA6}.Debug|Any CPU.Build.0 = Debug|Any CPU
		{169951DF-AB84-B4EC-84F1-3278639E3BA6}.Release|Any CPU.ActiveCfg = Release|Any CPU
		{169951DF-AB84-B4EC-84F1-3278639E3BA6}.Release|Any CPU.Build.0 = Release|Any CPU
		{F2C4770C-5FE0-70ED-5D0E-A4AF1DBC795B}.Debug|Any CPU.ActiveCfg = Debug|Any CPU
		{F2C4770C-5FE0-70ED-5D0E-A4AF1DBC795B}.Debug|Any CPU.Build.0 = Debug|Any CPU
		{F2C4770C-5FE0-70ED-5D0E-A4AF1DBC795B}.Release|Any CPU.ActiveCfg = Release|Any CPU
		{F2C4770C-5FE0-70ED-5D0E-A4AF1DBC795B}.Release|Any CPU.Build.0 = Release|Any CPU
		{08F94B92-87EE-BC6A-6341-1B1BCD7E1A87}.Debug|Any CPU.ActiveCfg = Debug|Any CPU
		{08F94B92-87EE-BC6A-6341-1B1BCD7E1A87}.Debug|Any CPU.Build.0 = Debug|Any CPU
		{08F94B92-87EE-BC6A-6341-1B1BCD7E1A87}.Release|Any CPU.ActiveCfg = Release|Any CPU
		{08F94B92-87EE-BC6A-6341-1B1BCD7E1A87}.Release|Any CPU.Build.0 = Release|Any CPU
		{40C00A30-BA91-030F-4CE3-80AAFED15129}.Debug|Any CPU.ActiveCfg = Debug|Any CPU
		{40C00A30-BA91-030F-4CE3-80AAFED15129}.Debug|Any CPU.Build.0 = Debug|Any CPU
		{40C00A30-BA91-030F-4CE3-80AAFED15129}.Release|Any CPU.ActiveCfg = Release|Any CPU
		{40C00A30-BA91-030F-4CE3-80AAFED15129}.Release|Any CPU.Build.0 = Release|Any CPU
	EndGlobalSection
	GlobalSection(SolutionProperties) = preSolution
		HideSolutionNode = FALSE
	EndGlobalSection
EndGlobal
